# This file was autogenerated by Stack.
# You should not edit this file by hand.
# For more information, please see the documentation at:
#   https://docs.haskellstack.org/en/stable/lock_files

packages:
- completed:
    hackage: worldturtle-0.2.2.0@sha256:28a4deab9d5d507db9475ddeab95e5a57937679b291fc156f66be90ed68e15d5,2332
    pantry-tree:
      size: 1212
      sha256: 9480d032add613075a9cc83d4f70d43d5af3a5f2e70566da747d777b1022e7fd
  original:
    hackage: worldturtle-0.2.2.0
snapshots:
- completed:
    size: 586041
    url: https://raw.githubusercontent.com/commercialhaskell/stackage-snapshots/master/lts/18/12.yaml
    sha256: 80fc6391195ff00c36f2a605ecbb07de909bfaa2eaa9722a27e486a6ecf8ecb0
  original:
    url: https://raw.githubusercontent.com/commercialhaskell/stackage-snapshots/master/lts/18/12.yaml
